// !$*UTF8*$!
{
	archiveVersion = 1;
	classes = {
	};
	objectVersion = 50;
	objects = {

/* Begin PBXBuildFile section */
		23011E2123965FA900DEEC1F /* BottomSheetController.swift in Sources */ = {isa = PBXBuildFile; fileRef = 23011E2023965FA900DEEC1F /* BottomSheetController.swift */; };
		2356962523730CE600A02EEF /* AppDelegate.swift in Sources */ = {isa = PBXBuildFile; fileRef = 2356962423730CE600A02EEF /* AppDelegate.swift */; };
		2356962723730CE600A02EEF /* FirstViewController.swift in Sources */ = {isa = PBXBuildFile; fileRef = 2356962623730CE600A02EEF /* FirstViewController.swift */; };
		2356962923730CE600A02EEF /* SecondViewController.swift in Sources */ = {isa = PBXBuildFile; fileRef = 2356962823730CE600A02EEF /* SecondViewController.swift */; };
		2356962C23730CE600A02EEF /* Main.storyboard in Resources */ = {isa = PBXBuildFile; fileRef = 2356962A23730CE600A02EEF /* Main.storyboard */; };
		2356962E23730CE800A02EEF /* Assets.xcassets in Resources */ = {isa = PBXBuildFile; fileRef = 2356962D23730CE800A02EEF /* Assets.xcassets */; };
		2356963123730CE800A02EEF /* LaunchScreen.storyboard in Resources */ = {isa = PBXBuildFile; fileRef = 2356962F23730CE800A02EEF /* LaunchScreen.storyboard */; };
		2356963923730D1500A02EEF /* ListViewController.swift in Sources */ = {isa = PBXBuildFile; fileRef = 2356963823730D1500A02EEF /* ListViewController.swift */; };
/* End PBXBuildFile section */

/* Begin PBXFileReference section */
		23011E2023965FA900DEEC1F /* BottomSheetController.swift */ = {isa = PBXFileReference; lastKnownFileType = sourcecode.swift; path = BottomSheetController.swift; sourceTree = "<group>"; };
		2356962123730CE600A02EEF /* SheetPOC.app */ = {isa = PBXFileReference; explicitFileType = wrapper.application; includeInIndex = 0; path = SheetPOC.app; sourceTree = BUILT_PRODUCTS_DIR; };
		2356962423730CE600A02EEF /* AppDelegate.swift */ = {isa = PBXFileReference; lastKnownFileType = sourcecode.swift; path = AppDelegate.swift; sourceTree = "<group>"; };
		2356962623730CE600A02EEF /* FirstViewController.swift */ = {isa = PBXFileReference; lastKnownFileType = sourcecode.swift; path = FirstViewController.swift; sourceTree = "<group>"; };
		2356962823730CE600A02EEF /* SecondViewController.swift */ = {isa = PBXFileReference; lastKnownFileType = sourcecode.swift; path = SecondViewController.swift; sourceTree = "<group>"; };
		2356962B23730CE600A02EEF /* Base */ = {isa = PBXFileReference; lastKnownFileType = file.storyboard; name = Base; path = Base.lproj/Main.storyboard; sourceTree = "<group>"; };
		2356962D23730CE800A02EEF /* Assets.xcassets */ = {isa = PBXFileReference; lastKnownFileType = folder.assetcatalog; path = Assets.xcassets; sourceTree = "<group>"; };
		2356963023730CE800A02EEF /* Base */ = {isa = PBXFileReference; lastKnownFileType = file.storyboard; name = Base; path = Base.lproj/LaunchScreen.storyboard; sourceTree = "<group>"; };
		2356963223730CE800A02EEF /* Info.plist */ = {isa = PBXFileReference; lastKnownFileType = text.plist.xml; path = Info.plist; sourceTree = "<group>"; };
		2356963823730D1500A02EEF /* ListViewController.swift */ = {isa = PBXFileReference; lastKnownFileType = sourcecode.swift; path = ListViewController.swift; sourceTree = "<group>"; };
		2356963E2373359D00A02EEF /* SheetPOC-Bridging-Header.h */ = {isa = PBXFileReference; lastKnownFileType = sourcecode.c.h; path = "SheetPOC-Bridging-Header.h"; sourceTree = "<group>"; };
/* End PBXFileReference section */

/* Begin PBXFrameworksBuildPhase section */
		2356961E23730CE600A02EEF /* Frameworks */ = {
			isa = PBXFrameworksBuildPhase;
			buildActionMask = 2147483647;
			files = (
			);
			runOnlyForDeploymentPostprocessing = 0;
		};
/* End PBXFrameworksBuildPhase section */

/* Begin PBXGroup section */
		2356961823730CE600A02EEF = {
			isa = PBXGroup;
			children = (
				2356962323730CE600A02EEF /* SheetPOC */,
				2356962223730CE600A02EEF /* Products */,
			);
			sourceTree = "<group>";
		};
		2356962223730CE600A02EEF /* Products */ = {
			isa = PBXGroup;
			children = (
				2356962123730CE600A02EEF /* SheetPOC.app */,
			);
			name = Products;
			sourceTree = "<group>";
		};
		2356962323730CE600A02EEF /* SheetPOC */ = {
			isa = PBXGroup;
			children = (
				2356962423730CE600A02EEF /* AppDelegate.swift */,
				2356962623730CE600A02EEF /* FirstViewController.swift */,
				2356963823730D1500A02EEF /* ListViewController.swift */,
				23011E2023965FA900DEEC1F /* BottomSheetController.swift */,
				2356962A23730CE600A02EEF /* Main.storyboard */,
				2356962D23730CE800A02EEF /* Assets.xcassets */,
				2356962F23730CE800A02EEF /* LaunchScreen.storyboard */,
				2356963223730CE800A02EEF /* Info.plist */,
				2356962823730CE600A02EEF /* SecondViewController.swift */,
				2356963E2373359D00A02EEF /* SheetPOC-Bridging-Header.h */,
			);
			path = SheetPOC;
			sourceTree = "<group>";
		};
/* End PBXGroup section */

/* Begin PBXNativeTarget section */
		2356962023730CE600A02EEF /* SheetPOC */ = {
			isa = PBXNativeTarget;
			buildConfigurationList = 2356963523730CE800A02EEF /* Build configuration list for PBXNativeTarget "SheetPOC" */;
			buildPhases = (
				2356961D23730CE600A02EEF /* Sources */,
				2356961E23730CE600A02EEF /* Frameworks */,
				2356961F23730CE600A02EEF /* Resources */,
			);
			buildRules = (
			);
			dependencies = (
			);
			name = SheetPOC;
			productName = SheetPOC;
			productReference = 2356962123730CE600A02EEF /* SheetPOC.app */;
			productType = "com.apple.product-type.application";
		};
/* End PBXNativeTarget section */

/* Begin PBXProject section */
		2356961923730CE600A02EEF /* Project object */ = {
			isa = PBXProject;
			attributes = {
				LastSwiftUpdateCheck = 1020;
				LastUpgradeCheck = 1020;
				ORGANIZATIONNAME = "Lubo Klucka";
				TargetAttributes = {
					2356962023730CE600A02EEF = {
						CreatedOnToolsVersion = 10.2.1;
						LastSwiftMigration = 1020;
					};
				};
			};
			buildConfigurationList = 2356961C23730CE600A02EEF /* Build configuration list for PBXProject "SheetPOC" */;
			compatibilityVersion = "Xcode 9.3";
			developmentRegion = en;
			hasScannedForEncodings = 0;
			knownRegions = (
				en,
				Base,
			);
			mainGroup = 2356961823730CE600A02EEF;
			productRefGroup = 2356962223730CE600A02EEF /* Products */;
			projectDirPath = "";
			projectRoot = "";
			targets = (
				2356962023730CE600A02EEF /* SheetPOC */,
			);
		};
/* End PBXProject section */

/* Begin PBXResourcesBuildPhase section */
		2356961F23730CE600A02EEF /* Resources */ = {
			isa = PBXResourcesBuildPhase;
			buildActionMask = 2147483647;
			files = (
				2356963123730CE800A02EEF /* LaunchScreen.storyboard in Resources */,
				2356962E23730CE800A02EEF /* Assets.xcassets in Resources */,
				2356962C23730CE600A02EEF /* Main.storyboard in Resources */,
			);
			runOnlyForDeploymentPostprocessing = 0;
		};
/* End PBXResourcesBuildPhase section */

/* Begin PBXSourcesBuildPhase section */
		2356961D23730CE600A02EEF /* Sources */ = {
			isa = PBXSourcesBuildPhase;
			buildActionMask = 2147483647;
			files = (
				23011E2123965FA900DEEC1F /* BottomSheetController.swift in Sources */,
				2356962923730CE600A02EEF /* SecondViewController.swift in Sources */,
				2356962523730CE600A02EEF /* AppDelegate.swift in Sources */,
				2356963923730D1500A02EEF /* ListViewController.swift in Sources */,
				2356962723730CE600A02EEF /* FirstViewController.swift in Sources */,
			);
			runOnlyForDeploymentPostprocessing = 0;
		};
/* End PBXSourcesBuildPhase section */

/* Begin PBXVariantGroup section */
		2356962A23730CE600A02EEF /* Main.storyboard */ = {
			isa = PBXVariantGroup;
			children = (
				2356962B23730CE600A02EEF /* Base */,
			);
			name = Main.storyboard;
			sourceTree = "<group>";
		};
		2356962F23730CE800A02EEF /* LaunchScreen.storyboard */ = {
			isa = PBXVariantGroup;
			children = (
				2356963023730CE800A02EEF /* Base */,
			);
			name = LaunchScreen.storyboard;
			sourceTree = "<group>";
		};
/* End PBXVariantGroup section */

/* Begin XCBuildConfiguration section */
		2356963323730CE800A02EEF /* Debug */ = {
			isa = XCBuildConfiguration;
			buildSettings = {
				ALWAYS_SEARCH_USER_PATHS = NO;
				CLANG_ANALYZER_NONNULL = YES;
				CLANG_ANALYZER_NUMBER_OBJECT_CONVERSION = YES_AGGRESSIVE;
				CLANG_CXX_LANGUAGE_STANDARD = "gnu++14";
				CLANG_CXX_LIBRARY = "libc++";
				CLANG_ENABLE_MODULES = YES;
				CLANG_ENABLE_OBJC_ARC = YES;
				CLANG_ENABLE_OBJC_WEAK = YES;
				CLANG_WARN_BLOCK_CAPTURE_AUTORELEASING = YES;
				CLANG_WARN_BOOL_CONVERSION = YES;
				CLANG_WARN_COMMA = YES;
				CLANG_WARN_CONSTANT_CONVERSION = YES;
				CLANG_WARN_DEPRECATED_OBJC_IMPLEMENTATIONS = YES;
				CLANG_WARN_DIRECT_OBJC_ISA_USAGE = YES_ERROR;
				CLANG_WARN_DOCUMENTATION_COMMENTS = YES;
				CLANG_WARN_EMPTY_BODY = YES;
				CLANG_WARN_ENUM_CONVERSION = YES;
				CLANG_WARN_INFINITE_RECURSION = YES;
				CLANG_WARN_INT_CONVERSION = YES;
				CLANG_WARN_NON_LITERAL_NULL_CONVERSION = YES;
				CLANG_WARN_OBJC_IMPLICIT_RETAIN_SELF = YES;
				CLANG_WARN_OBJC_LITERAL_CONVERSION = YES;
				CLANG_WARN_OBJC_ROOT_CLASS = YES_ERROR;
				CLANG_WARN_RANGE_LOOP_ANALYSIS = YES;
				CLANG_WARN_STRICT_PROTOTYPES = YES;
				CLANG_WARN_SUSPICIOUS_MOVE = YES;
				CLANG_WARN_UNGUARDED_AVAILABILITY = YES_AGGRESSIVE;
				CLANG_WARN_UNREACHABLE_CODE = YES;
				CLANG_WARN__DUPLICATE_METHOD_MATCH = YES;
				CODE_SIGN_IDENTITY = "iPhone Developer";
				COPY_PHASE_STRIP = NO;
				DEBUG_INFORMATION_FORMAT = dwarf;
				ENABLE_STRICT_OBJC_MSGSEND = YES;
				ENABLE_TESTABILITY = YES;
				GCC_C_LANGUAGE_STANDARD = gnu11;
				GCC_DYNAMIC_NO_PIC = NO;
				GCC_NO_COMMON_BLOCKS = YES;
				GCC_OPTIMIZATION_LEVEL = 0;
				GCC_PREPROCESSOR_DEFINITIONS = (
					"DEBUG=1",
					"$(inherited)",
				);
				GCC_WARN_64_TO_32_BIT_CONVERSION = YES;
				GCC_WARN_ABOUT_RETURN_TYPE = YES_ERROR;
				GCC_WARN_UNDECLARED_SELECTOR = YES;
				GCC_WARN_UNINITIALIZED_AUTOS = YES_AGGRESSIVE;
				GCC_WARN_UNUSED_FUNCTION = YES;
				GCC_WARN_UNUSED_VARIABLE = YES;
				IPHONEOS_DEPLOYMENT_TARGET = 12.0;
				MTL_ENABLE_DEBUG_INFO = INCLUDE_SOURCE;
				MTL_FAST_MATH = YES;
				ONLY_ACTIVE_ARCH = YES;
				SDKROOT = iphoneos;
				SWIFT_ACTIVE_COMPILATION_CONDITIONS = DEBUG;
				SWIFT_OPTIMIZATION_LEVEL = "-Onone";
			};
			name = Debug;
		};
		2356963423730CE800A02EEF /* Release */ = {
			isa = XCBuildConfiguration;
			buildSettings = {
				ALWAYS_SEARCH_USER_PATHS = NO;
				CLANG_ANALYZER_NONNULL = YES;
				CLANG_ANALYZER_NUMBER_OBJECT_CONVERSION = YES_AGGRESSIVE;
				CLANG_CXX_LANGUAGE_STANDARD = "gnu++14";
				CLANG_CXX_LIBRARY = "libc++";
				CLANG_ENABLE_MODULES = YES;
				CLANG_ENABLE_OBJC_ARC = YES;
				CLANG_ENABLE_OBJC_WEAK = YES;
				CLANG_WARN_BLOCK_CAPTURE_AUTORELEASING = YES;
				CLANG_WARN_BOOL_CONVERSION = YES;
				CLANG_WARN_COMMA = YES;
				CLANG_WARN_CONSTANT_CONVERSION = YES;
				CLANG_WARN_DEPRECATED_OBJC_IMPLEMENTATIONS = YES;
				CLANG_WARN_DIRECT_OBJC_ISA_USAGE = YES_ERROR;
				CLANG_WARN_DOCUMENTATION_COMMENTS = YES;
				CLANG_WARN_EMPTY_BODY = YES;
				CLANG_WARN_ENUM_CONVERSION = YES;
				CLANG_WARN_INFINITE_RECURSION = YES;
				CLANG_WARN_INT_CONVERSION = YES;
				CLANG_WARN_NON_LITERAL_NULL_CONVERSION = YES;
				CLANG_WARN_OBJC_IMPLICIT_RETAIN_SELF = YES;
				CLANG_WARN_OBJC_LITERAL_CONVERSION = YES;
				CLANG_WARN_OBJC_ROOT_CLASS = YES_ERROR;
				CLANG_WARN_RANGE_LOOP_ANALYSIS = YES;
				CLANG_WARN_STRICT_PROTOTYPES = YES;
				CLANG_WARN_SUSPICIOUS_MOVE = YES;
				CLANG_WARN_UNGUARDED_AVAILABILITY = YES_AGGRESSIVE;
				CLANG_WARN_UNREACHABLE_CODE = YES;
				CLANG_WARN__DUPLICATE_METHOD_MATCH = YES;
				CODE_SIGN_IDENTITY = "iPhone Developer";
				COPY_PHASE_STRIP = NO;
				DEBUG_INFORMATION_FORMAT = "dwarf-with-dsym";
				ENABLE_NS_ASSERTIONS = NO;
				ENABLE_STRICT_OBJC_MSGSEND = YES;
				GCC_C_LANGUAGE_STANDARD = gnu11;
				GCC_NO_COMMON_BLOCKS = YES;
				GCC_WARN_64_TO_32_BIT_CONVERSION = YES;
				GCC_WARN_ABOUT_RETURN_TYPE = YES_ERROR;
				GCC_WARN_UNDECLARED_SELECTOR = YES;
				GCC_WARN_UNINITIALIZED_AUTOS = YES_AGGRESSIVE;
				GCC_WARN_UNUSED_FUNCTION = YES;
				GCC_WARN_UNUSED_VARIABLE = YES;
				IPHONEOS_DEPLOYMENT_TARGET = 12.0;
				MTL_ENABLE_DEBUG_INFO = NO;
				MTL_FAST_MATH = YES;
				SDKROOT = iphoneos;
				SWIFT_COMPILATION_MODE = wholemodule;
				SWIFT_OPTIMIZATION_LEVEL = "-O";
				VALIDATE_PRODUCT = YES;
			};
			name = Release;
		};
		2356963623730CE800A02EEF /* Debug */ = {
			isa = XCBuildConfiguration;
			buildSettings = {
				ASSETCATALOG_COMPILER_APPICON_NAME = AppIcon;
				CLANG_ENABLE_MODULES = YES;
				CODE_SIGN_STYLE = Automatic;
				DEVELOPMENT_TEAM = 4EP84MQ5BF;
				INFOPLIST_FILE = SheetPOC/Info.plist;
				LD_RUNPATH_SEARCH_PATHS = (
					"$(inherited)",
					"@executable_path/Frameworks",
				);
				PRODUCT_BUNDLE_IDENTIFIER = com.luboklucka.SheetPOC;
				PRODUCT_NAME = "$(TARGET_NAME)";
				SWIFT_OBJC_BRIDGING_HEADER = "SheetPOC/SheetPOC-Bridging-Header.h";
				SWIFT_OPTIMIZATION_LEVEL = "-Onone";
				SWIFT_VERSION = 5.0;
				TARGETED_DEVICE_FAMILY = "1,2";
			};
			name = Debug;
		};
		2356963723730CE800A02EEF /* Release */ = {
			isa = XCBuildConfiguration;
			buildSettings = {
				ASSETCATALOG_COMPILER_APPICON_NAME = AppIcon;
				CLANG_ENABLE_MODULES = YES;
				CODE_SIGN_STYLE = Automatic;
				DEVELOPMENT_TEAM = 4EP84MQ5BF;
				INFOPLIST_FILE = SheetPOC/Info.plist;
				LD_RUNPATH_SEARCH_PATHS = (
					"$(inherited)",
					"@executable_path/Frameworks",
				);
				PRODUCT_BUNDLE_IDENTIFIER = com.luboklucka.SheetPOC;
				PRODUCT_NAME = "$(TARGET_NAME)";
				SWIFT_OBJC_BRIDGING_HEADER = "SheetPOC/SheetPOC-Bridging-Header.h";
				SWIFT_VERSION = 5.0;
				TARGETED_DEVICE_FAMILY = "1,2";
			};
			name = Release;
		};
/* End XCBuildConfiguration section */

/* Begin XCConfigurationList section */
		2356961C23730CE600A02EEF /* Build configuration list for PBXProject "SheetPOC" */ = {
			isa = XCConfigurationList;
			buildConfigurations = (
				2356963323730CE800A02EEF /* Debug */,
				2356963423730CE800A02EEF /* Release */,
			);
			defaultConfigurationIsVisible = 0;
			defaultConfigurationName = Release;
		};
		2356963523730CE800A02EEF /* Build configuration list for PBXNativeTarget "SheetPOC" */ = {
			isa = XCConfigurationList;
			buildConfigurations = (
				2356963623730CE800A02EEF /* Debug */,
				2356963723730CE800A02EEF /* Release */,
			);
			defaultConfigurationIsVisible = 0;
			defaultConfigurationName = Release;
		};
/* End XCConfigurationList section */
	};
	rootObject = 2356961923730CE600A02EEF /* Project object */;
}
